// !$*UTF8*$!
{
	archiveVersion = 1;
	classes = {
	};
	objectVersion = 46;
	objects = {

/* Begin PBXBuildFile section */
		5321E8FE1D2EE7A400327249 /* main.m in Sources */ = {isa = PBXBuildFile; fileRef = 5321E8FD1D2EE7A400327249 /* main.m */; };
		5321E9011D2EE7A400327249 /* AppDelegate.m in Sources */ = {isa = PBXBuildFile; fileRef = 5321E9001D2EE7A400327249 /* AppDelegate.m */; };
		5321E9271D2EEC1400327249 /* Assets.xcassets in Resources */ = {isa = PBXBuildFile; fileRef = 5321E9201D2EEC1400327249 /* Assets.xcassets */; };
		5321E9281D2EEC1400327249 /* LaunchScreen.storyboard in Resources */ = {isa = PBXBuildFile; fileRef = 5321E9211D2EEC1400327249 /* LaunchScreen.storyboard */; };
		5321E9291D2EEC1400327249 /* Main.storyboard in Resources */ = {isa = PBXBuildFile; fileRef = 5321E9231D2EEC1400327249 /* Main.storyboard */; };
		5321E92F1D2EEC2B00327249 /* PlaylistsViewController.m in Sources */ = {isa = PBXBuildFile; fileRef = 5321E92C1D2EEC2B00327249 /* PlaylistsViewController.m */; };
		5321E9301D2EEC2B00327249 /* SongsViewController.m in Sources */ = {isa = PBXBuildFile; fileRef = 5321E92E1D2EEC2B00327249 /* SongsViewController.m */; };
		5321E9331D2EEC5500327249 /* SongCell.m in Sources */ = {isa = PBXBuildFile; fileRef = 5321E9321D2EEC5500327249 /* SongCell.m */; };
		5321E9361D2EEC6F00327249 /* PlaylistCell.m in Sources */ = {isa = PBXBuildFile; fileRef = 5321E9351D2EEC6F00327249 /* PlaylistCell.m */; };
		5321E9391D2EEF1100327249 /* Task_Core_Data.xcdatamodeld in Sources */ = {isa = PBXBuildFile; fileRef = 5321E9371D2EEF1100327249 /* Task_Core_Data.xcdatamodeld */; };
		5321E93C1D2EF0B600327249 /* AddSongViewController.m in Sources */ = {isa = PBXBuildFile; fileRef = 5321E93B1D2EF0B600327249 /* AddSongViewController.m */; };
		5321E93F1D2EF0CA00327249 /* AddPlaylistViewController.m in Sources */ = {isa = PBXBuildFile; fileRef = 5321E93E1D2EF0CA00327249 /* AddPlaylistViewController.m */; };
		5321E97C1D2F0E6E00327249 /* cover_00.jpg in Resources */ = {isa = PBXBuildFile; fileRef = 5321E94A1D2F0E6E00327249 /* cover_00.jpg */; };
		5321E97D1D2F0E6E00327249 /* cover_01.jpg in Resources */ = {isa = PBXBuildFile; fileRef = 5321E94B1D2F0E6E00327249 /* cover_01.jpg */; };
		5321E97E1D2F0E6E00327249 /* cover_02.jpg in Resources */ = {isa = PBXBuildFile; fileRef = 5321E94C1D2F0E6E00327249 /* cover_02.jpg */; };
		5321E97F1D2F0E6E00327249 /* cover_03.jpg in Resources */ = {isa = PBXBuildFile; fileRef = 5321E94D1D2F0E6E00327249 /* cover_03.jpg */; };
		5321E9801D2F0E6E00327249 /* cover_04.jpg in Resources */ = {isa = PBXBuildFile; fileRef = 5321E94E1D2F0E6E00327249 /* cover_04.jpg */; };
		5321E9811D2F0E6E00327249 /* cover_05.jpg in Resources */ = {isa = PBXBuildFile; fileRef = 5321E94F1D2F0E6E00327249 /* cover_05.jpg */; };
		5321E9821D2F0E6E00327249 /* cover_06.jpg in Resources */ = {isa = PBXBuildFile; fileRef = 5321E9501D2F0E6E00327249 /* cover_06.jpg */; };
		5321E9831D2F0E6E00327249 /* cover_07.jpg in Resources */ = {isa = PBXBuildFile; fileRef = 5321E9511D2F0E6E00327249 /* cover_07.jpg */; };
		5321E9841D2F0E6E00327249 /* cover_08.jpg in Resources */ = {isa = PBXBuildFile; fileRef = 5321E9521D2F0E6E00327249 /* cover_08.jpg */; };
		5321E9851D2F0E6E00327249 /* cover_09.jpg in Resources */ = {isa = PBXBuildFile; fileRef = 5321E9531D2F0E6E00327249 /* cover_09.jpg */; };
		5321E9861D2F0E6E00327249 /* cover_10.jpg in Resources */ = {isa = PBXBuildFile; fileRef = 5321E9541D2F0E6E00327249 /* cover_10.jpg */; };
		5321E9871D2F0E6E00327249 /* cover_11.jpg in Resources */ = {isa = PBXBuildFile; fileRef = 5321E9551D2F0E6E00327249 /* cover_11.jpg */; };
		5321E9881D2F0E6E00327249 /* cover_12.jpg in Resources */ = {isa = PBXBuildFile; fileRef = 5321E9561D2F0E6E00327249 /* cover_12.jpg */; };
		5321E9891D2F0E6E00327249 /* cover_13.jpg in Resources */ = {isa = PBXBuildFile; fileRef = 5321E9571D2F0E6E00327249 /* cover_13.jpg */; };
		5321E98A1D2F0E6E00327249 /* cover_14.jpg in Resources */ = {isa = PBXBuildFile; fileRef = 5321E9581D2F0E6E00327249 /* cover_14.jpg */; };
		5321E98B1D2F0E6E00327249 /* cover_15.jpg in Resources */ = {isa = PBXBuildFile; fileRef = 5321E9591D2F0E6E00327249 /* cover_15.jpg */; };
		5321E98C1D2F0E6E00327249 /* cover_16.jpg in Resources */ = {isa = PBXBuildFile; fileRef = 5321E95A1D2F0E6E00327249 /* cover_16.jpg */; };
		5321E98D1D2F0E6E00327249 /* cover_17.jpg in Resources */ = {isa = PBXBuildFile; fileRef = 5321E95B1D2F0E6E00327249 /* cover_17.jpg */; };
		5321E98E1D2F0E6E00327249 /* cover_18.jpg in Resources */ = {isa = PBXBuildFile; fileRef = 5321E95C1D2F0E6E00327249 /* cover_18.jpg */; };
		5321E98F1D2F0E6E00327249 /* cover_19.jpg in Resources */ = {isa = PBXBuildFile; fileRef = 5321E95D1D2F0E6E00327249 /* cover_19.jpg */; };
		5321E9901D2F0E6E00327249 /* cover_20.jpg in Resources */ = {isa = PBXBuildFile; fileRef = 5321E95E1D2F0E6E00327249 /* cover_20.jpg */; };
		5321E9911D2F0E6E00327249 /* cover_21.jpg in Resources */ = {isa = PBXBuildFile; fileRef = 5321E95F1D2F0E6E00327249 /* cover_21.jpg */; };
		5321E9921D2F0E6E00327249 /* cover_22.jpg in Resources */ = {isa = PBXBuildFile; fileRef = 5321E9601D2F0E6E00327249 /* cover_22.jpg */; };
		5321E9931D2F0E6E00327249 /* cover_23.jpg in Resources */ = {isa = PBXBuildFile; fileRef = 5321E9611D2F0E6E00327249 /* cover_23.jpg */; };
		5321E9941D2F0E6E00327249 /* cover_24.jpg in Resources */ = {isa = PBXBuildFile; fileRef = 5321E9621D2F0E6E00327249 /* cover_24.jpg */; };
		5321E9951D2F0E6E00327249 /* cover_25.jpg in Resources */ = {isa = PBXBuildFile; fileRef = 5321E9631D2F0E6E00327249 /* cover_25.jpg */; };
		5321E9961D2F0E6E00327249 /* cover_26.jpg in Resources */ = {isa = PBXBuildFile; fileRef = 5321E9641D2F0E6E00327249 /* cover_26.jpg */; };
		5321E9971D2F0E6E00327249 /* cover_27.jpg in Resources */ = {isa = PBXBuildFile; fileRef = 5321E9651D2F0E6E00327249 /* cover_27.jpg */; };
		5321E9981D2F0E6E00327249 /* cover_28.jpg in Resources */ = {isa = PBXBuildFile; fileRef = 5321E9661D2F0E6E00327249 /* cover_28.jpg */; };
		5321E9991D2F0E6E00327249 /* cover_29.jpg in Resources */ = {isa = PBXBuildFile; fileRef = 5321E9671D2F0E6E00327249 /* cover_29.jpg */; };
		5321E99A1D2F0E6E00327249 /* cover_30.jpg in Resources */ = {isa = PBXBuildFile; fileRef = 5321E9681D2F0E6E00327249 /* cover_30.jpg */; };
		5321E99B1D2F0E6E00327249 /* cover_31.jpg in Resources */ = {isa = PBXBuildFile; fileRef = 5321E9691D2F0E6E00327249 /* cover_31.jpg */; };
		5321E99C1D2F0E6E00327249 /* cover_32.jpg in Resources */ = {isa = PBXBuildFile; fileRef = 5321E96A1D2F0E6E00327249 /* cover_32.jpg */; };
		5321E99D1D2F0E6E00327249 /* cover_33.jpg in Resources */ = {isa = PBXBuildFile; fileRef = 5321E96B1D2F0E6E00327249 /* cover_33.jpg */; };
		5321E99E1D2F0E6E00327249 /* cover_34.jpg in Resources */ = {isa = PBXBuildFile; fileRef = 5321E96C1D2F0E6E00327249 /* cover_34.jpg */; };
		5321E99F1D2F0E6E00327249 /* cover_35.jpg in Resources */ = {isa = PBXBuildFile; fileRef = 5321E96D1D2F0E6E00327249 /* cover_35.jpg */; };
		5321E9A01D2F0E6E00327249 /* cover_36.jpg in Resources */ = {isa = PBXBuildFile; fileRef = 5321E96E1D2F0E6E00327249 /* cover_36.jpg */; };
		5321E9A11D2F0E6E00327249 /* cover_37.jpg in Resources */ = {isa = PBXBuildFile; fileRef = 5321E96F1D2F0E6E00327249 /* cover_37.jpg */; };
		5321E9A21D2F0E6E00327249 /* cover_38.jpg in Resources */ = {isa = PBXBuildFile; fileRef = 5321E9701D2F0E6E00327249 /* cover_38.jpg */; };
		5321E9A31D2F0E6E00327249 /* cover_39.jpg in Resources */ = {isa = PBXBuildFile; fileRef = 5321E9711D2F0E6E00327249 /* cover_39.jpg */; };
		5321E9A41D2F0E6E00327249 /* cover_40.jpg in Resources */ = {isa = PBXBuildFile; fileRef = 5321E9721D2F0E6E00327249 /* cover_40.jpg */; };
		5321E9A51D2F0E6E00327249 /* cover_41.jpg in Resources */ = {isa = PBXBuildFile; fileRef = 5321E9731D2F0E6E00327249 /* cover_41.jpg */; };
		5321E9A61D2F0E6E00327249 /* cover_42.jpg in Resources */ = {isa = PBXBuildFile; fileRef = 5321E9741D2F0E6E00327249 /* cover_42.jpg */; };
		5321E9A71D2F0E6E00327249 /* cover_43.jpg in Resources */ = {isa = PBXBuildFile; fileRef = 5321E9751D2F0E6E00327249 /* cover_43.jpg */; };
		5321E9A81D2F0E6E00327249 /* cover_44.jpg in Resources */ = {isa = PBXBuildFile; fileRef = 5321E9761D2F0E6E00327249 /* cover_44.jpg */; };
		5321E9A91D2F0E6E00327249 /* cover_45.jpg in Resources */ = {isa = PBXBuildFile; fileRef = 5321E9771D2F0E6E00327249 /* cover_45.jpg */; };
		5321E9AA1D2F0E6E00327249 /* cover_46.jpg in Resources */ = {isa = PBXBuildFile; fileRef = 5321E9781D2F0E6E00327249 /* cover_46.jpg */; };
		5321E9AB1D2F0E6E00327249 /* cover_47.jpg in Resources */ = {isa = PBXBuildFile; fileRef = 5321E9791D2F0E6E00327249 /* cover_47.jpg */; };
		5321E9AC1D2F0E6E00327249 /* cover_48.jpg in Resources */ = {isa = PBXBuildFile; fileRef = 5321E97A1D2F0E6E00327249 /* cover_48.jpg */; };
		5321E9AD1D2F0E6E00327249 /* cover_49.jpg in Resources */ = {isa = PBXBuildFile; fileRef = 5321E97B1D2F0E6E00327249 /* cover_49.jpg */; };
		5321E9B01D2F0E8700327249 /* CoverPickerViewController.m in Sources */ = {isa = PBXBuildFile; fileRef = 5321E9AF1D2F0E8700327249 /* CoverPickerViewController.m */; };
		5321E9B31D2F0FA000327249 /* CoverCell.m in Sources */ = {isa = PBXBuildFile; fileRef = 5321E9B21D2F0FA000327249 /* CoverCell.m */; };
		5321E9D41D2F591B00327249 /* SongModel+CoreDataProperties.m in Sources */ = {isa = PBXBuildFile; fileRef = 5321E9CD1D2F591B00327249 /* SongModel+CoreDataProperties.m */; };
		5321E9D51D2F591B00327249 /* SongModel.m in Sources */ = {isa = PBXBuildFile; fileRef = 5321E9CF1D2F591B00327249 /* SongModel.m */; };
		5321E9D61D2F591B00327249 /* PlaylistModel+CoreDataProperties.m in Sources */ = {isa = PBXBuildFile; fileRef = 5321E9D11D2F591B00327249 /* PlaylistModel+CoreDataProperties.m */; };
		5321E9D71D2F591B00327249 /* PlaylistModel.m in Sources */ = {isa = PBXBuildFile; fileRef = 5321E9D31D2F591B00327249 /* PlaylistModel.m */; };
		5321EA001D2F598300327249 /* DataBaseManager.m in Sources */ = {isa = PBXBuildFile; fileRef = 5321E9FF1D2F598300327249 /* DataBaseManager.m */; };
/* End PBXBuildFile section */

/* Begin PBXFileReference section */
		5321E8F91D2EE7A400327249 /* Task_Core_Data.app */ = {isa = PBXFileReference; explicitFileType = wrapper.application; includeInIndex = 0; path = Task_Core_Data.app; sourceTree = BUILT_PRODUCTS_DIR; };
		5321E8FD1D2EE7A400327249 /* main.m */ = {isa = PBXFileReference; lastKnownFileType = sourcecode.c.objc; path = main.m; sourceTree = "<group>"; };
		5321E8FF1D2EE7A400327249 /* AppDelegate.h */ = {isa = PBXFileReference; lastKnownFileType = sourcecode.c.h; path = AppDelegate.h; sourceTree = "<group>"; };
		5321E9001D2EE7A400327249 /* AppDelegate.m */ = {isa = PBXFileReference; lastKnownFileType = sourcecode.c.objc; path = AppDelegate.m; sourceTree = "<group>"; };
		5321E9101D2EE7A400327249 /* Info.plist */ = {isa = PBXFileReference; lastKnownFileType = text.plist.xml; path = Info.plist; sourceTree = "<group>"; };
		5321E9201D2EEC1400327249 /* Assets.xcassets */ = {isa = PBXFileReference; lastKnownFileType = folder.assetcatalog; path = Assets.xcassets; sourceTree = "<group>"; };
		5321E9221D2EEC1400327249 /* Base */ = {isa = PBXFileReference; lastKnownFileType = file.storyboard; name = Base; path = Base.lproj/LaunchScreen.storyboard; sourceTree = "<group>"; };
		5321E9241D2EEC1400327249 /* Base */ = {isa = PBXFileReference; lastKnownFileType = file.storyboard; name = Base; path = Base.lproj/Main.storyboard; sourceTree = "<group>"; };
		5321E92B1D2EEC2B00327249 /* PlaylistsViewController.h */ = {isa = PBXFileReference; fileEncoding = 4; lastKnownFileType = sourcecode.c.h; path = PlaylistsViewController.h; sourceTree = "<group>"; };
		5321E92C1D2EEC2B00327249 /* PlaylistsViewController.m */ = {isa = PBXFileReference; fileEncoding = 4; lastKnownFileType = sourcecode.c.objc; path = PlaylistsViewController.m; sourceTree = "<group>"; };
		5321E92D1D2EEC2B00327249 /* SongsViewController.h */ = {isa = PBXFileReference; fileEncoding = 4; lastKnownFileType = sourcecode.c.h; path = SongsViewController.h; sourceTree = "<group>"; };
		5321E92E1D2EEC2B00327249 /* SongsViewController.m */ = {isa = PBXFileReference; fileEncoding = 4; lastKnownFileType = sourcecode.c.objc; path = SongsViewController.m; sourceTree = "<group>"; };
		5321E9311D2EEC5500327249 /* SongCell.h */ = {isa = PBXFileReference; fileEncoding = 4; lastKnownFileType = sourcecode.c.h; path = SongCell.h; sourceTree = "<group>"; };
		5321E9321D2EEC5500327249 /* SongCell.m */ = {isa = PBXFileReference; fileEncoding = 4; lastKnownFileType = sourcecode.c.objc; path = SongCell.m; sourceTree = "<group>"; };
		5321E9341D2EEC6F00327249 /* PlaylistCell.h */ = {isa = PBXFileReference; fileEncoding = 4; lastKnownFileType = sourcecode.c.h; path = PlaylistCell.h; sourceTree = "<group>"; };
		5321E9351D2EEC6F00327249 /* PlaylistCell.m */ = {isa = PBXFileReference; fileEncoding = 4; lastKnownFileType = sourcecode.c.objc; path = PlaylistCell.m; sourceTree = "<group>"; };
		5321E9381D2EEF1100327249 /* Task_Core_Data.xcdatamodel */ = {isa = PBXFileReference; lastKnownFileType = wrapper.xcdatamodel; path = Task_Core_Data.xcdatamodel; sourceTree = "<group>"; };
		5321E93A1D2EF0B600327249 /* AddSongViewController.h */ = {isa = PBXFileReference; fileEncoding = 4; lastKnownFileType = sourcecode.c.h; path = AddSongViewController.h; sourceTree = "<group>"; };
		5321E93B1D2EF0B600327249 /* AddSongViewController.m */ = {isa = PBXFileReference; fileEncoding = 4; lastKnownFileType = sourcecode.c.objc; path = AddSongViewController.m; sourceTree = "<group>"; };
		5321E93D1D2EF0CA00327249 /* AddPlaylistViewController.h */ = {isa = PBXFileReference; fileEncoding = 4; lastKnownFileType = sourcecode.c.h; path = AddPlaylistViewController.h; sourceTree = "<group>"; };
		5321E93E1D2EF0CA00327249 /* AddPlaylistViewController.m */ = {isa = PBXFileReference; fileEncoding = 4; lastKnownFileType = sourcecode.c.objc; path = AddPlaylistViewController.m; sourceTree = "<group>"; };
		5321E94A1D2F0E6E00327249 /* cover_00.jpg */ = {isa = PBXFileReference; lastKnownFileType = image.jpeg; path = cover_00.jpg; sourceTree = "<group>"; };
		5321E94B1D2F0E6E00327249 /* cover_01.jpg */ = {isa = PBXFileReference; lastKnownFileType = image.jpeg; path = cover_01.jpg; sourceTree = "<group>"; };
		5321E94C1D2F0E6E00327249 /* cover_02.jpg */ = {isa = PBXFileReference; lastKnownFileType = image.jpeg; path = cover_02.jpg; sourceTree = "<group>"; };
		5321E94D1D2F0E6E00327249 /* cover_03.jpg */ = {isa = PBXFileReference; lastKnownFileType = image.jpeg; path = cover_03.jpg; sourceTree = "<group>"; };
		5321E94E1D2F0E6E00327249 /* cover_04.jpg */ = {isa = PBXFileReference; lastKnownFileType = image.jpeg; path = cover_04.jpg; sourceTree = "<group>"; };
		5321E94F1D2F0E6E00327249 /* cover_05.jpg */ = {isa = PBXFileReference; lastKnownFileType = image.jpeg; path = cover_05.jpg; sourceTree = "<group>"; };
		5321E9501D2F0E6E00327249 /* cover_06.jpg */ = {isa = PBXFileReference; lastKnownFileType = image.jpeg; path = cover_06.jpg; sourceTree = "<group>"; };
		5321E9511D2F0E6E00327249 /* cover_07.jpg */ = {isa = PBXFileReference; lastKnownFileType = image.jpeg; path = cover_07.jpg; sourceTree = "<group>"; };
		5321E9521D2F0E6E00327249 /* cover_08.jpg */ = {isa = PBXFileReference; lastKnownFileType = image.jpeg; path = cover_08.jpg; sourceTree = "<group>"; };
		5321E9531D2F0E6E00327249 /* cover_09.jpg */ = {isa = PBXFileReference; lastKnownFileType = image.jpeg; path = cover_09.jpg; sourceTree = "<group>"; };
		5321E9541D2F0E6E00327249 /* cover_10.jpg */ = {isa = PBXFileReference; lastKnownFileType = image.jpeg; path = cover_10.jpg; sourceTree = "<group>"; };
		5321E9551D2F0E6E00327249 /* cover_11.jpg */ = {isa = PBXFileReference; lastKnownFileType = image.jpeg; path = cover_11.jpg; sourceTree = "<group>"; };
		5321E9561D2F0E6E00327249 /* cover_12.jpg */ = {isa = PBXFileReference; lastKnownFileType = image.jpeg; path = cover_12.jpg; sourceTree = "<group>"; };
		5321E9571D2F0E6E00327249 /* cover_13.jpg */ = {isa = PBXFileReference; lastKnownFileType = image.jpeg; path = cover_13.jpg; sourceTree = "<group>"; };
		5321E9581D2F0E6E00327249 /* cover_14.jpg */ = {isa = PBXFileReference; lastKnownFileType = image.jpeg; path = cover_14.jpg; sourceTree = "<group>"; };
		5321E9591D2F0E6E00327249 /* cover_15.jpg */ = {isa = PBXFileReference; lastKnownFileType = image.jpeg; path = cover_15.jpg; sourceTree = "<group>"; };
		5321E95A1D2F0E6E00327249 /* cover_16.jpg */ = {isa = PBXFileReference; lastKnownFileType = image.jpeg; path = cover_16.jpg; sourceTree = "<group>"; };
		5321E95B1D2F0E6E00327249 /* cover_17.jpg */ = {isa = PBXFileReference; lastKnownFileType = image.jpeg; path = cover_17.jpg; sourceTree = "<group>"; };
		5321E95C1D2F0E6E00327249 /* cover_18.jpg */ = {isa = PBXFileReference; lastKnownFileType = image.jpeg; path = cover_18.jpg; sourceTree = "<group>"; };
		5321E95D1D2F0E6E00327249 /* cover_19.jpg */ = {isa = PBXFileReference; lastKnownFileType = image.jpeg; path = cover_19.jpg; sourceTree = "<group>"; };
		5321E95E1D2F0E6E00327249 /* cover_20.jpg */ = {isa = PBXFileReference; lastKnownFileType = image.jpeg; path = cover_20.jpg; sourceTree = "<group>"; };
		5321E95F1D2F0E6E00327249 /* cover_21.jpg */ = {isa = PBXFileReference; lastKnownFileType = image.jpeg; path = cover_21.jpg; sourceTree = "<group>"; };
		5321E9601D2F0E6E00327249 /* cover_22.jpg */ = {isa = PBXFileReference; lastKnownFileType = image.jpeg; path = cover_22.jpg; sourceTree = "<group>"; };
		5321E9611D2F0E6E00327249 /* cover_23.jpg */ = {isa = PBXFileReference; lastKnownFileType = image.jpeg; path = cover_23.jpg; sourceTree = "<group>"; };
		5321E9621D2F0E6E00327249 /* cover_24.jpg */ = {isa = PBXFileReference; lastKnownFileType = image.jpeg; path = cover_24.jpg; sourceTree = "<group>"; };
		5321E9631D2F0E6E00327249 /* cover_25.jpg */ = {isa = PBXFileReference; lastKnownFileType = image.jpeg; path = cover_25.jpg; sourceTree = "<group>"; };
		5321E9641D2F0E6E00327249 /* cover_26.jpg */ = {isa = PBXFileReference; lastKnownFileType = image.jpeg; path = cover_26.jpg; sourceTree = "<group>"; };
		5321E9651D2F0E6E00327249 /* cover_27.jpg */ = {isa = PBXFileReference; lastKnownFileType = image.jpeg; path = cover_27.jpg; sourceTree = "<group>"; };
		5321E9661D2F0E6E00327249 /* cover_28.jpg */ = {isa = PBXFileReference; lastKnownFileType = image.jpeg; path = cover_28.jpg; sourceTree = "<group>"; };
		5321E9671D2F0E6E00327249 /* cover_29.jpg */ = {isa = PBXFileReference; lastKnownFileType = image.jpeg; path = cover_29.jpg; sourceTree = "<group>"; };
		5321E9681D2F0E6E00327249 /* cover_30.jpg */ = {isa = PBXFileReference; lastKnownFileType = image.jpeg; path = cover_30.jpg; sourceTree = "<group>"; };
		5321E9691D2F0E6E00327249 /* cover_31.jpg */ = {isa = PBXFileReference; lastKnownFileType = image.jpeg; path = cover_31.jpg; sourceTree = "<group>"; };
		5321E96A1D2F0E6E00327249 /* cover_32.jpg */ = {isa = PBXFileReference; lastKnownFileType = image.jpeg; path = cover_32.jpg; sourceTree = "<group>"; };
		5321E96B1D2F0E6E00327249 /* cover_33.jpg */ = {isa = PBXFileReference; lastKnownFileType = image.jpeg; path = cover_33.jpg; sourceTree = "<group>"; };
		5321E96C1D2F0E6E00327249 /* cover_34.jpg */ = {isa = PBXFileReference; lastKnownFileType = image.jpeg; path = cover_34.jpg; sourceTree = "<group>"; };
		5321E96D1D2F0E6E00327249 /* cover_35.jpg */ = {isa = PBXFileReference; lastKnownFileType = image.jpeg; path = cover_35.jpg; sourceTree = "<group>"; };
		5321E96E1D2F0E6E00327249 /* cover_36.jpg */ = {isa = PBXFileReference; lastKnownFileType = image.jpeg; path = cover_36.jpg; sourceTree = "<group>"; };
		5321E96F1D2F0E6E00327249 /* cover_37.jpg */ = {isa = PBXFileReference; lastKnownFileType = image.jpeg; path = cover_37.jpg; sourceTree = "<group>"; };
		5321E9701D2F0E6E00327249 /* cover_38.jpg */ = {isa = PBXFileReference; lastKnownFileType = image.jpeg; path = cover_38.jpg; sourceTree = "<group>"; };
		5321E9711D2F0E6E00327249 /* cover_39.jpg */ = {isa = PBXFileReference; lastKnownFileType = image.jpeg; path = cover_39.jpg; sourceTree = "<group>"; };
		5321E9721D2F0E6E00327249 /* cover_40.jpg */ = {isa = PBXFileReference; lastKnownFileType = image.jpeg; path = cover_40.jpg; sourceTree = "<group>"; };
		5321E9731D2F0E6E00327249 /* cover_41.jpg */ = {isa = PBXFileReference; lastKnownFileType = image.jpeg; path = cover_41.jpg; sourceTree = "<group>"; };
		5321E9741D2F0E6E00327249 /* cover_42.jpg */ = {isa = PBXFileReference; lastKnownFileType = image.jpeg; path = cover_42.jpg; sourceTree = "<group>"; };
		5321E9751D2F0E6E00327249 /* cover_43.jpg */ = {isa = PBXFileReference; lastKnownFileType = image.jpeg; path = cover_43.jpg; sourceTree = "<group>"; };
		5321E9761D2F0E6E00327249 /* cover_44.jpg */ = {isa = PBXFileReference; lastKnownFileType = image.jpeg; path = cover_44.jpg; sourceTree = "<group>"; };
		5321E9771D2F0E6E00327249 /* cover_45.jpg */ = {isa = PBXFileReference; lastKnownFileType = image.jpeg; path = cover_45.jpg; sourceTree = "<group>"; };
		5321E9781D2F0E6E00327249 /* cover_46.jpg */ = {isa = PBXFileReference; lastKnownFileType = image.jpeg; path = cover_46.jpg; sourceTree = "<group>"; };
		5321E9791D2F0E6E00327249 /* cover_47.jpg */ = {isa = PBXFileReference; lastKnownFileType = image.jpeg; path = cover_47.jpg; sourceTree = "<group>"; };
		5321E97A1D2F0E6E00327249 /* cover_48.jpg */ = {isa = PBXFileReference; lastKnownFileType = image.jpeg; path = cover_48.jpg; sourceTree = "<group>"; };
		5321E97B1D2F0E6E00327249 /* cover_49.jpg */ = {isa = PBXFileReference; lastKnownFileType = image.jpeg; path = cover_49.jpg; sourceTree = "<group>"; };
		5321E9AE1D2F0E8700327249 /* CoverPickerViewController.h */ = {isa = PBXFileReference; fileEncoding = 4; lastKnownFileType = sourcecode.c.h; path = CoverPickerViewController.h; sourceTree = "<group>"; };
		5321E9AF1D2F0E8700327249 /* CoverPickerViewController.m */ = {isa = PBXFileReference; fileEncoding = 4; lastKnownFileType = sourcecode.c.objc; path = CoverPickerViewController.m; sourceTree = "<group>"; };
		5321E9B11D2F0FA000327249 /* CoverCell.h */ = {isa = PBXFileReference; fileEncoding = 4; lastKnownFileType = sourcecode.c.h; path = CoverCell.h; sourceTree = "<group>"; };
		5321E9B21D2F0FA000327249 /* CoverCell.m */ = {isa = PBXFileReference; fileEncoding = 4; lastKnownFileType = sourcecode.c.objc; path = CoverCell.m; sourceTree = "<group>"; };
		5321E9CC1D2F591B00327249 /* SongModel+CoreDataProperties.h */ = {isa = PBXFileReference; fileEncoding = 4; lastKnownFileType = sourcecode.c.h; path = "SongModel+CoreDataProperties.h"; sourceTree = "<group>"; };
		5321E9CD1D2F591B00327249 /* SongModel+CoreDataProperties.m */ = {isa = PBXFileReference; fileEncoding = 4; lastKnownFileType = sourcecode.c.objc; path = "SongModel+CoreDataProperties.m"; sourceTree = "<group>"; };
		5321E9CE1D2F591B00327249 /* SongModel.h */ = {isa = PBXFileReference; fileEncoding = 4; lastKnownFileType = sourcecode.c.h; path = SongModel.h; sourceTree = "<group>"; };
		5321E9CF1D2F591B00327249 /* SongModel.m */ = {isa = PBXFileReference; fileEncoding = 4; lastKnownFileType = sourcecode.c.objc; path = SongModel.m; sourceTree = "<group>"; };
		5321E9D01D2F591B00327249 /* PlaylistModel+CoreDataProperties.h */ = {isa = PBXFileReference; fileEncoding = 4; lastKnownFileType = sourcecode.c.h; path = "PlaylistModel+CoreDataProperties.h"; sourceTree = "<group>"; };
		5321E9D11D2F591B00327249 /* PlaylistModel+CoreDataProperties.m */ = {isa = PBXFileReference; fileEncoding = 4; lastKnownFileType = sourcecode.c.objc; path = "PlaylistModel+CoreDataProperties.m"; sourceTree = "<group>"; };
		5321E9D21D2F591B00327249 /* PlaylistModel.h */ = {isa = PBXFileReference; fileEncoding = 4; lastKnownFileType = sourcecode.c.h; path = PlaylistModel.h; sourceTree = "<group>"; };
		5321E9D31D2F591B00327249 /* PlaylistModel.m */ = {isa = PBXFileReference; fileEncoding = 4; lastKnownFileType = sourcecode.c.objc; path = PlaylistModel.m; sourceTree = "<group>"; };
		5321E9FE1D2F598300327249 /* DataBaseManager.h */ = {isa = PBXFileReference; fileEncoding = 4; lastKnownFileType = sourcecode.c.h; path = DataBaseManager.h; sourceTree = "<group>"; };
		5321E9FF1D2F598300327249 /* DataBaseManager.m */ = {isa = PBXFileReference; fileEncoding = 4; lastKnownFileType = sourcecode.c.objc; path = DataBaseManager.m; sourceTree = "<group>"; };
/* End PBXFileReference section */

/* Begin PBXFrameworksBuildPhase section */
		5321E8F61D2EE7A400327249 /* Frameworks */ = {
			isa = PBXFrameworksBuildPhase;
			buildActionMask = 2147483647;
			files = (
			);
			runOnlyForDeploymentPostprocessing = 0;
		};
/* End PBXFrameworksBuildPhase section */

/* Begin PBXGroup section */
		5321E8F01D2EE7A400327249 = {
			isa = PBXGroup;
			children = (
				5321E8FB1D2EE7A400327249 /* Task_Core_Data */,
				5321E8FA1D2EE7A400327249 /* Products */,
			);
			sourceTree = "<group>";
		};
		5321E8FA1D2EE7A400327249 /* Products */ = {
			isa = PBXGroup;
			children = (
				5321E8F91D2EE7A400327249 /* Task_Core_Data.app */,
			);
			name = Products;
			sourceTree = "<group>";
		};
		5321E8FB1D2EE7A400327249 /* Task_Core_Data */ = {
			isa = PBXGroup;
			children = (
				5321E91F1D2EEC1400327249 /* Resources */,
				5321E91C1D2EEBDA00327249 /* Controller */,
				5321E91D1D2EEBDA00327249 /* Model */,
				5321E91E1D2EEBDA00327249 /* View */,
				5321E8FF1D2EE7A400327249 /* AppDelegate.h */,
				5321E9001D2EE7A400327249 /* AppDelegate.m */,
				5321E9101D2EE7A400327249 /* Info.plist */,
				5321E8FC1D2EE7A400327249 /* Supporting Files */,
			);
			path = Task_Core_Data;
			sourceTree = "<group>";
		};
		5321E8FC1D2EE7A400327249 /* Supporting Files */ = {
			isa = PBXGroup;
			children = (
				5321E8FD1D2EE7A400327249 /* main.m */,
			);
			name = "Supporting Files";
			sourceTree = "<group>";
		};
		5321E91C1D2EEBDA00327249 /* Controller */ = {
			isa = PBXGroup;
			children = (
				5321E92B1D2EEC2B00327249 /* PlaylistsViewController.h */,
				5321E92C1D2EEC2B00327249 /* PlaylistsViewController.m */,
				5321E93D1D2EF0CA00327249 /* AddPlaylistViewController.h */,
				5321E93E1D2EF0CA00327249 /* AddPlaylistViewController.m */,
				5321E92D1D2EEC2B00327249 /* SongsViewController.h */,
				5321E92E1D2EEC2B00327249 /* SongsViewController.m */,
				5321E93A1D2EF0B600327249 /* AddSongViewController.h */,
				5321E93B1D2EF0B600327249 /* AddSongViewController.m */,
				5321E9AE1D2F0E8700327249 /* CoverPickerViewController.h */,
				5321E9AF1D2F0E8700327249 /* CoverPickerViewController.m */,
				5321E9FE1D2F598300327249 /* DataBaseManager.h */,
				5321E9FF1D2F598300327249 /* DataBaseManager.m */,
			);
			path = Controller;
			sourceTree = "<group>";
		};
		5321E91D1D2EEBDA00327249 /* Model */ = {
			isa = PBXGroup;
			children = (
				5321E9CC1D2F591B00327249 /* SongModel+CoreDataProperties.h */,
				5321E9CD1D2F591B00327249 /* SongModel+CoreDataProperties.m */,
				5321E9CE1D2F591B00327249 /* SongModel.h */,
				5321E9CF1D2F591B00327249 /* SongModel.m */,
				5321E9D01D2F591B00327249 /* PlaylistModel+CoreDataProperties.h */,
				5321E9D11D2F591B00327249 /* PlaylistModel+CoreDataProperties.m */,
				5321E9D21D2F591B00327249 /* PlaylistModel.h */,
				5321E9D31D2F591B00327249 /* PlaylistModel.m */,
				5321E9371D2EEF1100327249 /* Task_Core_Data.xcdatamodeld */,
			);
			path = Model;
			sourceTree = "<group>";
		};
		5321E91E1D2EEBDA00327249 /* View */ = {
			isa = PBXGroup;
			children = (
				5321E9311D2EEC5500327249 /* SongCell.h */,
				5321E9321D2EEC5500327249 /* SongCell.m */,
				5321E9341D2EEC6F00327249 /* PlaylistCell.h */,
				5321E9351D2EEC6F00327249 /* PlaylistCell.m */,
				5321E9B11D2F0FA000327249 /* CoverCell.h */,
				5321E9B21D2F0FA000327249 /* CoverCell.m */,
			);
			path = View;
			sourceTree = "<group>";
		};
		5321E91F1D2EEC1400327249 /* Resources */ = {
			isa = PBXGroup;
			children = (
				5321E9491D2F0E6E00327249 /* covers */,
				5321E9201D2EEC1400327249 /* Assets.xcassets */,
				5321E9211D2EEC1400327249 /* LaunchScreen.storyboard */,
				5321E9231D2EEC1400327249 /* Main.storyboard */,
			);
			path = Resources;
			sourceTree = "<group>";
		};
		5321E9491D2F0E6E00327249 /* covers */ = {
			isa = PBXGroup;
			children = (
				5321E94A1D2F0E6E00327249 /* cover_00.jpg */,
				5321E94B1D2F0E6E00327249 /* cover_01.jpg */,
				5321E94C1D2F0E6E00327249 /* cover_02.jpg */,
				5321E94D1D2F0E6E00327249 /* cover_03.jpg */,
				5321E94E1D2F0E6E00327249 /* cover_04.jpg */,
				5321E94F1D2F0E6E00327249 /* cover_05.jpg */,
				5321E9501D2F0E6E00327249 /* cover_06.jpg */,
				5321E9511D2F0E6E00327249 /* cover_07.jpg */,
				5321E9521D2F0E6E00327249 /* cover_08.jpg */,
				5321E9531D2F0E6E00327249 /* cover_09.jpg */,
				5321E9541D2F0E6E00327249 /* cover_10.jpg */,
				5321E9551D2F0E6E00327249 /* cover_11.jpg */,
				5321E9561D2F0E6E00327249 /* cover_12.jpg */,
				5321E9571D2F0E6E00327249 /* cover_13.jpg */,
				5321E9581D2F0E6E00327249 /* cover_14.jpg */,
				5321E9591D2F0E6E00327249 /* cover_15.jpg */,
				5321E95A1D2F0E6E00327249 /* cover_16.jpg */,
				5321E95B1D2F0E6E00327249 /* cover_17.jpg */,
				5321E95C1D2F0E6E00327249 /* cover_18.jpg */,
				5321E95D1D2F0E6E00327249 /* cover_19.jpg */,
				5321E95E1D2F0E6E00327249 /* cover_20.jpg */,
				5321E95F1D2F0E6E00327249 /* cover_21.jpg */,
				5321E9601D2F0E6E00327249 /* cover_22.jpg */,
				5321E9611D2F0E6E00327249 /* cover_23.jpg */,
				5321E9621D2F0E6E00327249 /* cover_24.jpg */,
				5321E9631D2F0E6E00327249 /* cover_25.jpg */,
				5321E9641D2F0E6E00327249 /* cover_26.jpg */,
				5321E9651D2F0E6E00327249 /* cover_27.jpg */,
				5321E9661D2F0E6E00327249 /* cover_28.jpg */,
				5321E9671D2F0E6E00327249 /* cover_29.jpg */,
				5321E9681D2F0E6E00327249 /* cover_30.jpg */,
				5321E9691D2F0E6E00327249 /* cover_31.jpg */,
				5321E96A1D2F0E6E00327249 /* cover_32.jpg */,
				5321E96B1D2F0E6E00327249 /* cover_33.jpg */,
				5321E96C1D2F0E6E00327249 /* cover_34.jpg */,
				5321E96D1D2F0E6E00327249 /* cover_35.jpg */,
				5321E96E1D2F0E6E00327249 /* cover_36.jpg */,
				5321E96F1D2F0E6E00327249 /* cover_37.jpg */,
				5321E9701D2F0E6E00327249 /* cover_38.jpg */,
				5321E9711D2F0E6E00327249 /* cover_39.jpg */,
				5321E9721D2F0E6E00327249 /* cover_40.jpg */,
				5321E9731D2F0E6E00327249 /* cover_41.jpg */,
				5321E9741D2F0E6E00327249 /* cover_42.jpg */,
				5321E9751D2F0E6E00327249 /* cover_43.jpg */,
				5321E9761D2F0E6E00327249 /* cover_44.jpg */,
				5321E9771D2F0E6E00327249 /* cover_45.jpg */,
				5321E9781D2F0E6E00327249 /* cover_46.jpg */,
				5321E9791D2F0E6E00327249 /* cover_47.jpg */,
				5321E97A1D2F0E6E00327249 /* cover_48.jpg */,
				5321E97B1D2F0E6E00327249 /* cover_49.jpg */,
			);
			path = covers;
			sourceTree = "<group>";
		};
/* End PBXGroup section */

/* Begin PBXNativeTarget section */
		5321E8F81D2EE7A400327249 /* Task_Core_Data */ = {
			isa = PBXNativeTarget;
			buildConfigurationList = 5321E9131D2EE7A400327249 /* Build configuration list for PBXNativeTarget "Task_Core_Data" */;
			buildPhases = (
				5321E8F51D2EE7A400327249 /* Sources */,
				5321E8F61D2EE7A400327249 /* Frameworks */,
				5321E8F71D2EE7A400327249 /* Resources */,
			);
			buildRules = (
			);
			dependencies = (
			);
			name = Task_Core_Data;
			productName = Task_Core_Data;
			productReference = 5321E8F91D2EE7A400327249 /* Task_Core_Data.app */;
			productType = "com.apple.product-type.application";
		};
/* End PBXNativeTarget section */

/* Begin PBXProject section */
		5321E8F11D2EE7A400327249 /* Project object */ = {
			isa = PBXProject;
			attributes = {
				LastUpgradeCheck = 0730;
				ORGANIZATIONNAME = "Semyon Belokovsky";
				TargetAttributes = {
					5321E8F81D2EE7A400327249 = {
						CreatedOnToolsVersion = 7.3.1;
					};
				};
			};
			buildConfigurationList = 5321E8F41D2EE7A400327249 /* Build configuration list for PBXProject "Task_Core_Data" */;
			compatibilityVersion = "Xcode 3.2";
			developmentRegion = English;
			hasScannedForEncodings = 0;
			knownRegions = (
				en,
				Base,
			);
			mainGroup = 5321E8F01D2EE7A400327249;
			productRefGroup = 5321E8FA1D2EE7A400327249 /* Products */;
			projectDirPath = "";
			projectRoot = "";
			targets = (
				5321E8F81D2EE7A400327249 /* Task_Core_Data */,
			);
		};
/* End PBXProject section */

/* Begin PBXResourcesBuildPhase section */
		5321E8F71D2EE7A400327249 /* Resources */ = {
			isa = PBXResourcesBuildPhase;
			buildActionMask = 2147483647;
			files = (
				5321E98D1D2F0E6E00327249 /* cover_17.jpg in Resources */,
				5321E98C1D2F0E6E00327249 /* cover_16.jpg in Resources */,
				5321E99E1D2F0E6E00327249 /* cover_34.jpg in Resources */,
				5321E9871D2F0E6E00327249 /* cover_11.jpg in Resources */,
				5321E9981D2F0E6E00327249 /* cover_28.jpg in Resources */,
				5321E9AC1D2F0E6E00327249 /* cover_48.jpg in Resources */,
				5321E9951D2F0E6E00327249 /* cover_25.jpg in Resources */,
				5321E99B1D2F0E6E00327249 /* cover_31.jpg in Resources */,
				5321E9901D2F0E6E00327249 /* cover_20.jpg in Resources */,
				5321E9861D2F0E6E00327249 /* cover_10.jpg in Resources */,
				5321E9A41D2F0E6E00327249 /* cover_40.jpg in Resources */,
				5321E9921D2F0E6E00327249 /* cover_22.jpg in Resources */,
				5321E9A31D2F0E6E00327249 /* cover_39.jpg in Resources */,
				5321E9A01D2F0E6E00327249 /* cover_36.jpg in Resources */,
				5321E98B1D2F0E6E00327249 /* cover_15.jpg in Resources */,
				5321E9A21D2F0E6E00327249 /* cover_38.jpg in Resources */,
				5321E97D1D2F0E6E00327249 /* cover_01.jpg in Resources */,
				5321E97F1D2F0E6E00327249 /* cover_03.jpg in Resources */,
				5321E98F1D2F0E6E00327249 /* cover_19.jpg in Resources */,
				5321E9291D2EEC1400327249 /* Main.storyboard in Resources */,
				5321E9811D2F0E6E00327249 /* cover_05.jpg in Resources */,
				5321E97C1D2F0E6E00327249 /* cover_00.jpg in Resources */,
				5321E9991D2F0E6E00327249 /* cover_29.jpg in Resources */,
				5321E99F1D2F0E6E00327249 /* cover_35.jpg in Resources */,
				5321E9851D2F0E6E00327249 /* cover_09.jpg in Resources */,
				5321E9A11D2F0E6E00327249 /* cover_37.jpg in Resources */,
				5321E9A91D2F0E6E00327249 /* cover_45.jpg in Resources */,
				5321E9AD1D2F0E6E00327249 /* cover_49.jpg in Resources */,
				5321E9961D2F0E6E00327249 /* cover_26.jpg in Resources */,
				5321E9821D2F0E6E00327249 /* cover_06.jpg in Resources */,
				5321E99D1D2F0E6E00327249 /* cover_33.jpg in Resources */,
				5321E9A71D2F0E6E00327249 /* cover_43.jpg in Resources */,
				5321E97E1D2F0E6E00327249 /* cover_02.jpg in Resources */,
				5321E9801D2F0E6E00327249 /* cover_04.jpg in Resources */,
				5321E9A51D2F0E6E00327249 /* cover_41.jpg in Resources */,
				5321E9891D2F0E6E00327249 /* cover_13.jpg in Resources */,
				5321E9A81D2F0E6E00327249 /* cover_44.jpg in Resources */,
				5321E9AA1D2F0E6E00327249 /* cover_46.jpg in Resources */,
				5321E98A1D2F0E6E00327249 /* cover_14.jpg in Resources */,
				5321E9A61D2F0E6E00327249 /* cover_42.jpg in Resources */,
				5321E9271D2EEC1400327249 /* Assets.xcassets in Resources */,
				5321E9881D2F0E6E00327249 /* cover_12.jpg in Resources */,
				5321E9931D2F0E6E00327249 /* cover_23.jpg in Resources */,
				5321E9911D2F0E6E00327249 /* cover_21.jpg in Resources */,
				5321E98E1D2F0E6E00327249 /* cover_18.jpg in Resources */,
				5321E99A1D2F0E6E00327249 /* cover_30.jpg in Resources */,
				5321E99C1D2F0E6E00327249 /* cover_32.jpg in Resources */,
				5321E9AB1D2F0E6E00327249 /* cover_47.jpg in Resources */,
				5321E9841D2F0E6E00327249 /* cover_08.jpg in Resources */,
				5321E9281D2EEC1400327249 /* LaunchScreen.storyboard in Resources */,
				5321E9831D2F0E6E00327249 /* cover_07.jpg in Resources */,
				5321E9941D2F0E6E00327249 /* cover_24.jpg in Resources */,
				5321E9971D2F0E6E00327249 /* cover_27.jpg in Resources */,
			);
			runOnlyForDeploymentPostprocessing = 0;
		};
/* End PBXResourcesBuildPhase section */

/* Begin PBXSourcesBuildPhase section */
		5321E8F51D2EE7A400327249 /* Sources */ = {
			isa = PBXSourcesBuildPhase;
			buildActionMask = 2147483647;
			files = (
				5321E9D41D2F591B00327249 /* SongModel+CoreDataProperties.m in Sources */,
				5321E9011D2EE7A400327249 /* AppDelegate.m in Sources */,
				5321E9B01D2F0E8700327249 /* CoverPickerViewController.m in Sources */,
				5321E9D61D2F591B00327249 /* PlaylistModel+CoreDataProperties.m in Sources */,
				5321E93C1D2EF0B600327249 /* AddSongViewController.m in Sources */,
				5321E8FE1D2EE7A400327249 /* main.m in Sources */,
				5321E9391D2EEF1100327249 /* Task_Core_Data.xcdatamodeld in Sources */,
				5321E92F1D2EEC2B00327249 /* PlaylistsViewController.m in Sources */,
				5321E9361D2EEC6F00327249 /* PlaylistCell.m in Sources */,
				5321E9301D2EEC2B00327249 /* SongsViewController.m in Sources */,
				5321E9331D2EEC5500327249 /* SongCell.m in Sources */,
				5321E93F1D2EF0CA00327249 /* AddPlaylistViewController.m in Sources */,
				5321EA001D2F598300327249 /* DataBaseManager.m in Sources */,
				5321E9D71D2F591B00327249 /* PlaylistModel.m in Sources */,
				5321E9B31D2F0FA000327249 /* CoverCell.m in Sources */,
				5321E9D51D2F591B00327249 /* SongModel.m in Sources */,
			);
			runOnlyForDeploymentPostprocessing = 0;
		};
/* End PBXSourcesBuildPhase section */

/* Begin PBXVariantGroup section */
		5321E9211D2EEC1400327249 /* LaunchScreen.storyboard */ = {
			isa = PBXVariantGroup;
			children = (
				5321E9221D2EEC1400327249 /* Base */,
			);
			name = LaunchScreen.storyboard;
			sourceTree = "<group>";
		};
		5321E9231D2EEC1400327249 /* Main.storyboard */ = {
			isa = PBXVariantGroup;
			children = (
				5321E9241D2EEC1400327249 /* Base */,
			);
			name = Main.storyboard;
			sourceTree = "<group>";
		};
/* End PBXVariantGroup section */

/* Begin XCBuildConfiguration section */
		5321E9111D2EE7A400327249 /* Debug */ = {
			isa = XCBuildConfiguration;
			buildSettings = {
				ALWAYS_SEARCH_USER_PATHS = NO;
				CLANG_ANALYZER_NONNULL = YES;
				CLANG_CXX_LANGUAGE_STANDARD = "gnu++0x";
				CLANG_CXX_LIBRARY = "libc++";
				CLANG_ENABLE_MODULES = YES;
				CLANG_ENABLE_OBJC_ARC = YES;
				CLANG_WARN_BOOL_CONVERSION = YES;
				CLANG_WARN_CONSTANT_CONVERSION = YES;
				CLANG_WARN_DIRECT_OBJC_ISA_USAGE = YES_ERROR;
				CLANG_WARN_EMPTY_BODY = YES;
				CLANG_WARN_ENUM_CONVERSION = YES;
				CLANG_WARN_INT_CONVERSION = YES;
				CLANG_WARN_OBJC_ROOT_CLASS = YES_ERROR;
				CLANG_WARN_UNREACHABLE_CODE = YES;
				CLANG_WARN__DUPLICATE_METHOD_MATCH = YES;
				"CODE_SIGN_IDENTITY[sdk=iphoneos*]" = "iPhone Developer";
				COPY_PHASE_STRIP = NO;
				DEBUG_INFORMATION_FORMAT = dwarf;
				ENABLE_STRICT_OBJC_MSGSEND = YES;
				ENABLE_TESTABILITY = YES;
				GCC_C_LANGUAGE_STANDARD = gnu99;
				GCC_DYNAMIC_NO_PIC = NO;
				GCC_NO_COMMON_BLOCKS = YES;
				GCC_OPTIMIZATION_LEVEL = 0;
				GCC_PREPROCESSOR_DEFINITIONS = (
					"DEBUG=1",
					"$(inherited)",
				);
				GCC_WARN_64_TO_32_BIT_CONVERSION = YES;
				GCC_WARN_ABOUT_RETURN_TYPE = YES_ERROR;
				GCC_WARN_UNDECLARED_SELECTOR = YES;
				GCC_WARN_UNINITIALIZED_AUTOS = YES_AGGRESSIVE;
				GCC_WARN_UNUSED_FUNCTION = YES;
				GCC_WARN_UNUSED_VARIABLE = YES;
				IPHONEOS_DEPLOYMENT_TARGET = 9.3;
				MTL_ENABLE_DEBUG_INFO = YES;
				ONLY_ACTIVE_ARCH = YES;
				SDKROOT = iphoneos;
			};
			name = Debug;
		};
		5321E9121D2EE7A400327249 /* Release */ = {
			isa = XCBuildConfiguration;
			buildSettings = {
				ALWAYS_SEARCH_USER_PATHS = NO;
				CLANG_ANALYZER_NONNULL = YES;
				CLANG_CXX_LANGUAGE_STANDARD = "gnu++0x";
				CLANG_CXX_LIBRARY = "libc++";
				CLANG_ENABLE_MODULES = YES;
				CLANG_ENABLE_OBJC_ARC = YES;
				CLANG_WARN_BOOL_CONVERSION = YES;
				CLANG_WARN_CONSTANT_CONVERSION = YES;
				CLANG_WARN_DIRECT_OBJC_ISA_USAGE = YES_ERROR;
				CLANG_WARN_EMPTY_BODY = YES;
				CLANG_WARN_ENUM_CONVERSION = YES;
				CLANG_WARN_INT_CONVERSION = YES;
				CLANG_WARN_OBJC_ROOT_CLASS = YES_ERROR;
				CLANG_WARN_UNREACHABLE_CODE = YES;
				CLANG_WARN__DUPLICATE_METHOD_MATCH = YES;
				"CODE_SIGN_IDENTITY[sdk=iphoneos*]" = "iPhone Developer";
				COPY_PHASE_STRIP = NO;
				DEBUG_INFORMATION_FORMAT = "dwarf-with-dsym";
				ENABLE_NS_ASSERTIONS = NO;
				ENABLE_STRICT_OBJC_MSGSEND = YES;
				GCC_C_LANGUAGE_STANDARD = gnu99;
				GCC_NO_COMMON_BLOCKS = YES;
				GCC_WARN_64_TO_32_BIT_CONVERSION = YES;
				GCC_WARN_ABOUT_RETURN_TYPE = YES_ERROR;
				GCC_WARN_UNDECLARED_SELECTOR = YES;
				GCC_WARN_UNINITIALIZED_AUTOS = YES_AGGRESSIVE;
				GCC_WARN_UNUSED_FUNCTION = YES;
				GCC_WARN_UNUSED_VARIABLE = YES;
				IPHONEOS_DEPLOYMENT_TARGET = 9.3;
				MTL_ENABLE_DEBUG_INFO = NO;
				SDKROOT = iphoneos;
				VALIDATE_PRODUCT = YES;
			};
			name = Release;
		};
		5321E9141D2EE7A400327249 /* Debug */ = {
			isa = XCBuildConfiguration;
			buildSettings = {
				ASSETCATALOG_COMPILER_APPICON_NAME = AppIcon;
				INFOPLIST_FILE = Task_Core_Data/Info.plist;
				LD_RUNPATH_SEARCH_PATHS = "$(inherited) @executable_path/Frameworks";
				PRODUCT_BUNDLE_IDENTIFIER = "me.igrampe.Task-Core-Data";
				PRODUCT_NAME = "$(TARGET_NAME)";
			};
			name = Debug;
		};
		5321E9151D2EE7A400327249 /* Release */ = {
			isa = XCBuildConfiguration;
			buildSettings = {
				ASSETCATALOG_COMPILER_APPICON_NAME = AppIcon;
				INFOPLIST_FILE = Task_Core_Data/Info.plist;
				LD_RUNPATH_SEARCH_PATHS = "$(inherited) @executable_path/Frameworks";
				PRODUCT_BUNDLE_IDENTIFIER = "me.igrampe.Task-Core-Data";
				PRODUCT_NAME = "$(TARGET_NAME)";
			};
			name = Release;
		};
/* End XCBuildConfiguration section */

/* Begin XCConfigurationList section */
		5321E8F41D2EE7A400327249 /* Build configuration list for PBXProject "Task_Core_Data" */ = {
			isa = XCConfigurationList;
			buildConfigurations = (
				5321E9111D2EE7A400327249 /* Debug */,
				5321E9121D2EE7A400327249 /* Release */,
			);
			defaultConfigurationIsVisible = 0;
			defaultConfigurationName = Release;
		};
		5321E9131D2EE7A400327249 /* Build configuration list for PBXNativeTarget "Task_Core_Data" */ = {
			isa = XCConfigurationList;
			buildConfigurations = (
				5321E9141D2EE7A400327249 /* Debug */,
				5321E9151D2EE7A400327249 /* Release */,
			);
			defaultConfigurationIsVisible = 0;
		};
/* End XCConfigurationList section */

/* Begin XCVersionGroup section */
		5321E9371D2EEF1100327249 /* Task_Core_Data.xcdatamodeld */ = {
			isa = XCVersionGroup;
			children = (
				5321E9381D2EEF1100327249 /* Task_Core_Data.xcdatamodel */,
			);
			currentVersion = 5321E9381D2EEF1100327249 /* Task_Core_Data.xcdatamodel */;
			path = Task_Core_Data.xcdatamodeld;
			sourceTree = "<group>";
			versionGroupType = wrapper.xcdatamodel;
		};
/* End XCVersionGroup section */
	};
	rootObject = 5321E8F11D2EE7A400327249 /* Project object */;
}
